{
  "originHash" : "b560e07c00f6e17740a3f81787591fcfb8442357bf33d9d05826d426bf1bdd39",
  "pins" : [
    {
      "identity" : "browser",
      "kind" : "remoteSourceControl",
      "location" : "https://github.com/pmanot/Browser",
      "state" : {
        "branch" : "main",
        "revision" : "ca94ecf5b20bf9267e25cca18d92b60d1bb59528"
      }
    },
    {
      "identity" : "swallow",
      "kind" : "remoteSourceControl",
      "location" : "https://github.com/vmanot/Swallow.git",
      "state" : {
        "branch" : "master",
        "revision" : "8e1c8760608256c5a0e8b3ebd4001fded029ebf0"
      }
    },
    {
      "identity" : "swift-atomics",
      "kind" : "remoteSourceControl",
      "location" : "https://github.com/apple/swift-atomics.git",
      "state" : {
        "revision" : "cd142fd2f64be2100422d658e7411e39489da985",
        "version" : "1.2.0"
      }
    },
    {
      "identity" : "swift-collections",
      "kind" : "remoteSourceControl",
      "location" : "https://github.com/apple/swift-collections",
      "state" : {
        "revision" : "671108c96644956dddcd89dd59c203dcdb36cec7",
        "version" : "1.1.4"
      }
    },
    {
      "identity" : "swift-syntax",
      "kind" : "remoteSourceControl",
      "location" : "https://github.com/swift-precompiled/swift-syntax",
      "state" : {
        "branch" : "release/6.1",
        "revision" : "fc197a24fb2e77609fbe3d94624e36f84d758099"
      }
    },
    {
      "identity" : "swift-system",
      "kind" : "remoteSourceControl",
      "location" : "https://github.com/apple/swift-system.git",
      "state" : {
        "revision" : "a34201439c74b53f0fd71ef11741af7e7caf01e1",
        "version" : "1.4.2"
      }
    },
    {
      "identity" : "swiftuix",
      "kind" : "remoteSourceControl",
      "location" : "https://github.com/SwiftUIX/SwiftUIX",
      "state" : {
        "revision" : "e984fd2e08140ad5a95d084be38fe02b774bc15d",
        "version" : "0.2.3"
      }
    },
    {
      "identity" : "web-url",
      "kind" : "remoteSourceControl",
      "location" : "https://github.com/pmanot/web-url",
      "state" : {
        "branch" : "main",
        "revision" : "9306a962396a50d7d88e924afcd7ec67226763db"
      }
    }
  ],
  "version" : 3
}
