// !$*UTF8*$!
{
	archiveVersion = 1;
	classes = {
	};
	objectVersion = 77;
	objects = {

/* Begin PBXBuildFile section */
		9884FB422DBDC1EB0006EC96 /* Browser in Frameworks */ = {isa = PBXBuildFile; productRef = 9884FB412DBDC1EB0006EC96 /* Browser */; };
		98BA520A2DB4693700AC0EC7 /* MacroBuilder in Frameworks */ = {isa = PBXBuildFile; productRef = 98BA52092DB4693700AC0EC7 /* MacroBuilder */; };
		98BA520C2DB4693700AC0EC7 /* Swallow in Frameworks */ = {isa = PBXBuildFile; productRef = 98BA520B2DB4693700AC0EC7 /* Swallow */; };
		98BA520E2DB4693700AC0EC7 /* SwallowMacrosClient in Frameworks */ = {isa = PBXBuildFile; productRef = 98BA520D2DB4693700AC0EC7 /* SwallowMacrosClient */; };
		98C0AD372DB7249700345F2F /* SwiftUIX in Frameworks */ = {isa = PBXBuildFile; productRef = 98C0AD362DB7249700345F2F /* SwiftUIX */; };
		98C0AD3A2DB724A500345F2F /* SnoopyApp in Frameworks */ = {isa = PBXBuildFile; productRef = 98C0AD392DB724A500345F2F /* SnoopyApp */; };
/* End PBXBuildFile section */

/* Begin PBXFileReference section */
		985104222DB205900076D128 /* Snoopy.app */ = {isa = PBXFileReference; explicitFileType = wrapper.application; includeInIndex = 0; path = Snoopy.app; sourceTree = BUILT_PRODUCTS_DIR; };
/* End PBXFileReference section */

/* Begin PBXFileSystemSynchronizedBuildFileExceptionSet section */
		98BA52102DB46AE200AC0EC7 /* Exceptions for "Snoopy" folder in "Snoopy" target */ = {
			isa = PBXFileSystemSynchronizedBuildFileExceptionSet;
			membershipExceptions = (
				Info.plist,
			);
			target = 985104212DB205900076D128 /* Snoopy */;
		};
/* End PBXFileSystemSynchronizedBuildFileExceptionSet section */

/* Begin PBXFileSystemSynchronizedRootGroup section */
		985104242DB205900076D128 /* Snoopy */ = {
			isa = PBXFileSystemSynchronizedRootGroup;
			exceptions = (
				98BA52102DB46AE200AC0EC7 /* Exceptions for "Snoopy" folder in "Snoopy" target */,
			);
			path = Snoopy;
			sourceTree = "<group>";
		};
/* End PBXFileSystemSynchronizedRootGroup section */

/* Begin PBXFrameworksBuildPhase section */
		9851041F2DB205900076D128 /* Frameworks */ = {
			isa = PBXFrameworksBuildPhase;
			buildActionMask = 2147483647;
			files = (
				98BA520C2DB4693700AC0EC7 /* Swallow in Frameworks */,
				98BA520E2DB4693700AC0EC7 /* SwallowMacrosClient in Frameworks */,
				98C0AD3A2DB724A500345F2F /* SnoopyApp in Frameworks */,
				9884FB422DBDC1EB0006EC96 /* Browser in Frameworks */,
				98BA520A2DB4693700AC0EC7 /* MacroBuilder in Frameworks */,
				98C0AD372DB7249700345F2F /* SwiftUIX in Frameworks */,
			);
			runOnlyForDeploymentPostprocessing = 0;
		};
/* End PBXFrameworksBuildPhase section */

/* Begin PBXGroup section */
		985104192DB205900076D128 = {
			isa = PBXGroup;
			children = (
				985104242DB205900076D128 /* Snoopy */,
				985104232DB205900076D128 /* Products */,
			);
			sourceTree = "<group>";
		};
		985104232DB205900076D128 /* Products */ = {
			isa = PBXGroup;
			children = (
				985104222DB205900076D128 /* Snoopy.app */,
			);
			name = Products;
			sourceTree = "<group>";
		};
/* End PBXGroup section */

/* Begin PBXNativeTarget section */
		985104212DB205900076D128 /* Snoopy */ = {
			isa = PBXNativeTarget;
			buildConfigurationList = 9851042E2DB205910076D128 /* Build configuration list for PBXNativeTarget "Snoopy" */;
			buildPhases = (
				9851041E2DB205900076D128 /* Sources */,
				9851041F2DB205900076D128 /* Frameworks */,
				985104202DB205900076D128 /* Resources */,
			);
			buildRules = (
			);
			dependencies = (
			);
			fileSystemSynchronizedGroups = (
				985104242DB205900076D128 /* Snoopy */,
			);
			name = Snoopy;
			packageProductDependencies = (
				98BA52092DB4693700AC0EC7 /* MacroBuilder */,
				98BA520B2DB4693700AC0EC7 /* Swallow */,
				98BA520D2DB4693700AC0EC7 /* SwallowMacrosClient */,
				98C0AD362DB7249700345F2F /* SwiftUIX */,
				98C0AD392DB724A500345F2F /* SnoopyApp */,
				9884FB412DBDC1EB0006EC96 /* Browser */,
			);
			productName = Snoopy;
			productReference = 985104222DB205900076D128 /* Snoopy.app */;
			productType = "com.apple.product-type.application";
		};
/* End PBXNativeTarget section */

/* Begin PBXProject section */
		9851041A2DB205900076D128 /* Project object */ = {
			isa = PBXProject;
			attributes = {
				BuildIndependentTargetsInParallel = 1;
				LastSwiftUpdateCheck = 1630;
				LastUpgradeCheck = 1630;
				TargetAttributes = {
					985104212DB205900076D128 = {
						CreatedOnToolsVersion = 16.3;
					};
				};
			};
			buildConfigurationList = 9851041D2DB205900076D128 /* Build configuration list for PBXProject "Snoopy" */;
			developmentRegion = en;
			hasScannedForEncodings = 0;
			knownRegions = (
				en,
				Base,
			);
			mainGroup = 985104192DB205900076D128;
			minimizedProjectReferenceProxies = 1;
			packageReferences = (
				98BA52082DB4693700AC0EC7 /* XCRemoteSwiftPackageReference "Swallow" */,
				98C0AD352DB7249700345F2F /* XCRemoteSwiftPackageReference "SwiftUIX" */,
				98C0AD382DB724A500345F2F /* XCLocalSwiftPackageReference "SnoopyApp" */,
				9884FB402DBDC1EB0006EC96 /* XCRemoteSwiftPackageReference "Browser" */,
			);
			preferredProjectObjectVersion = 77;
			productRefGroup = 985104232DB205900076D128 /* Products */;
			projectDirPath = "";
			projectRoot = "";
			targets = (
				985104212DB205900076D128 /* Snoopy */,
			);
		};
/* End PBXProject section */

/* Begin PBXResourcesBuildPhase section */
		985104202DB205900076D128 /* Resources */ = {
			isa = PBXResourcesBuildPhase;
			buildActionMask = 2147483647;
			files = (
			);
			runOnlyForDeploymentPostprocessing = 0;
		};
/* End PBXResourcesBuildPhase section */

/* Begin PBXSourcesBuildPhase section */
		9851041E2DB205900076D128 /* Sources */ = {
			isa = PBXSourcesBuildPhase;
			buildActionMask = 2147483647;
			files = (
			);
			runOnlyForDeploymentPostprocessing = 0;
		};
/* End PBXSourcesBuildPhase section */

/* Begin XCBuildConfiguration section */
		9851042C2DB205910076D128 /* Debug */ = {
			isa = XCBuildConfiguration;
			buildSettings = {
				ALWAYS_SEARCH_USER_PATHS = NO;
				ASSETCATALOG_COMPILER_GENERATE_SWIFT_ASSET_SYMBOL_EXTENSIONS = YES;
				CLANG_ANALYZER_NONNULL = YES;
				CLANG_ANALYZER_NUMBER_OBJECT_CONVERSION = YES_AGGRESSIVE;
				CLANG_CXX_LANGUAGE_STANDARD = "gnu++20";
				CLANG_ENABLE_MODULES = YES;
				CLANG_ENABLE_OBJC_ARC = YES;
				CLANG_ENABLE_OBJC_WEAK = YES;
				CLANG_WARN_BLOCK_CAPTURE_AUTORELEASING = YES;
				CLANG_WARN_BOOL_CONVERSION = YES;
				CLANG_WARN_COMMA = YES;
				CLANG_WARN_CONSTANT_CONVERSION = YES;
				CLANG_WARN_DEPRECATED_OBJC_IMPLEMENTATIONS = YES;
				CLANG_WARN_DIRECT_OBJC_ISA_USAGE = YES_ERROR;
				CLANG_WARN_DOCUMENTATION_COMMENTS = YES;
				CLANG_WARN_EMPTY_BODY = YES;
				CLANG_WARN_ENUM_CONVERSION = YES;
				CLANG_WARN_INFINITE_RECURSION = YES;
				CLANG_WARN_INT_CONVERSION = YES;
				CLANG_WARN_NON_LITERAL_NULL_CONVERSION = YES;
				CLANG_WARN_OBJC_IMPLICIT_RETAIN_SELF = YES;
				CLANG_WARN_OBJC_LITERAL_CONVERSION = YES;
				CLANG_WARN_OBJC_ROOT_CLASS = YES_ERROR;
				CLANG_WARN_QUOTED_INCLUDE_IN_FRAMEWORK_HEADER = YES;
				CLANG_WARN_RANGE_LOOP_ANALYSIS = YES;
				CLANG_WARN_STRICT_PROTOTYPES = YES;
				CLANG_WARN_SUSPICIOUS_MOVE = YES;
				CLANG_WARN_UNGUARDED_AVAILABILITY = YES_AGGRESSIVE;
				CLANG_WARN_UNREACHABLE_CODE = YES;
				CLANG_WARN__DUPLICATE_METHOD_MATCH = YES;
				COPY_PHASE_STRIP = NO;
				DEBUG_INFORMATION_FORMAT = dwarf;
				DEVELOPMENT_TEAM = 4TRFJN4JM2;
				ENABLE_STRICT_OBJC_MSGSEND = YES;
				ENABLE_TESTABILITY = YES;
				ENABLE_USER_SCRIPT_SANDBOXING = YES;
				GCC_C_LANGUAGE_STANDARD = gnu17;
				GCC_DYNAMIC_NO_PIC = NO;
				GCC_NO_COMMON_BLOCKS = YES;
				GCC_OPTIMIZATION_LEVEL = 0;
				GCC_PREPROCESSOR_DEFINITIONS = (
					"DEBUG=1",
					"$(inherited)",
				);
				GCC_WARN_64_TO_32_BIT_CONVERSION = YES;
				GCC_WARN_ABOUT_RETURN_TYPE = YES_ERROR;
				GCC_WARN_UNDECLARED_SELECTOR = YES;
				GCC_WARN_UNINITIALIZED_AUTOS = YES_AGGRESSIVE;
				GCC_WARN_UNUSED_FUNCTION = YES;
				GCC_WARN_UNUSED_VARIABLE = YES;
				LOCALIZATION_PREFERS_STRING_CATALOGS = YES;
				MTL_ENABLE_DEBUG_INFO = INCLUDE_SOURCE;
				MTL_FAST_MATH = YES;
				ONLY_ACTIVE_ARCH = YES;
				SWIFT_ACTIVE_COMPILATION_CONDITIONS = "DEBUG $(inherited)";
				SWIFT_OPTIMIZATION_LEVEL = "-Onone";
			};
			name = Debug;
		};
		9851042D2DB205910076D128 /* Release */ = {
			isa = XCBuildConfiguration;
			buildSettings = {
				ALWAYS_SEARCH_USER_PATHS = NO;
				ASSETCATALOG_COMPILER_GENERATE_SWIFT_ASSET_SYMBOL_EXTENSIONS = YES;
				CLANG_ANALYZER_NONNULL = YES;
				CLANG_ANALYZER_NUMBER_OBJECT_CONVERSION = YES_AGGRESSIVE;
				CLANG_CXX_LANGUAGE_STANDARD = "gnu++20";
				CLANG_ENABLE_MODULES = YES;
				CLANG_ENABLE_OBJC_ARC = YES;
				CLANG_ENABLE_OBJC_WEAK = YES;
				CLANG_WARN_BLOCK_CAPTURE_AUTORELEASING = YES;
				CLANG_WARN_BOOL_CONVERSION = YES;
				CLANG_WARN_COMMA = YES;
				CLANG_WARN_CONSTANT_CONVERSION = YES;
				CLANG_WARN_DEPRECATED_OBJC_IMPLEMENTATIONS = YES;
				CLANG_WARN_DIRECT_OBJC_ISA_USAGE = YES_ERROR;
				CLANG_WARN_DOCUMENTATION_COMMENTS = YES;
				CLANG_WARN_EMPTY_BODY = YES;
				CLANG_WARN_ENUM_CONVERSION = YES;
				CLANG_WARN_INFINITE_RECURSION = YES;
				CLANG_WARN_INT_CONVERSION = YES;
				CLANG_WARN_NON_LITERAL_NULL_CONVERSION = YES;
				CLANG_WARN_OBJC_IMPLICIT_RETAIN_SELF = YES;
				CLANG_WARN_OBJC_LITERAL_CONVERSION = YES;
				CLANG_WARN_OBJC_ROOT_CLASS = YES_ERROR;
				CLANG_WARN_QUOTED_INCLUDE_IN_FRAMEWORK_HEADER = YES;
				CLANG_WARN_RANGE_LOOP_ANALYSIS = YES;
				CLANG_WARN_STRICT_PROTOTYPES = YES;
				CLANG_WARN_SUSPICIOUS_MOVE = YES;
				CLANG_WARN_UNGUARDED_AVAILABILITY = YES_AGGRESSIVE;
				CLANG_WARN_UNREACHABLE_CODE = YES;
				CLANG_WARN__DUPLICATE_METHOD_MATCH = YES;
				COPY_PHASE_STRIP = NO;
				DEBUG_INFORMATION_FORMAT = "dwarf-with-dsym";
				DEVELOPMENT_TEAM = 4TRFJN4JM2;
				ENABLE_NS_ASSERTIONS = NO;
				ENABLE_STRICT_OBJC_MSGSEND = YES;
				ENABLE_USER_SCRIPT_SANDBOXING = YES;
				GCC_C_LANGUAGE_STANDARD = gnu17;
				GCC_NO_COMMON_BLOCKS = YES;
				GCC_WARN_64_TO_32_BIT_CONVERSION = YES;
				GCC_WARN_ABOUT_RETURN_TYPE = YES_ERROR;
				GCC_WARN_UNDECLARED_SELECTOR = YES;
				GCC_WARN_UNINITIALIZED_AUTOS = YES_AGGRESSIVE;
				GCC_WARN_UNUSED_FUNCTION = YES;
				GCC_WARN_UNUSED_VARIABLE = YES;
				LOCALIZATION_PREFERS_STRING_CATALOGS = YES;
				MTL_ENABLE_DEBUG_INFO = NO;
				MTL_FAST_MATH = YES;
				SWIFT_COMPILATION_MODE = wholemodule;
			};
			name = Release;
		};
		9851042F2DB205910076D128 /* Debug */ = {
			isa = XCBuildConfiguration;
			buildSettings = {
				ASSETCATALOG_COMPILER_APPICON_NAME = AppIcon;
				ASSETCATALOG_COMPILER_GLOBAL_ACCENT_COLOR_NAME = AccentColor;
				CODE_SIGN_ENTITLEMENTS = Snoopy/Snoopy.entitlements;
				CODE_SIGN_STYLE = Automatic;
				CURRENT_PROJECT_VERSION = 1;
				DEVELOPMENT_TEAM = 4TRFJN4JM2;
				ENABLE_HARDENED_RUNTIME = YES;
				ENABLE_PREVIEWS = YES;
				GENERATE_INFOPLIST_FILE = YES;
				INFOPLIST_FILE = Snoopy/Info.plist;
				INFOPLIST_KEY_NSFileProviderDomainUsageDescription = "Required to access history.db";
				"INFOPLIST_KEY_UIApplicationSceneManifest_Generation[sdk=iphoneos*]" = YES;
				"INFOPLIST_KEY_UIApplicationSceneManifest_Generation[sdk=iphonesimulator*]" = YES;
				"INFOPLIST_KEY_UIApplicationSupportsIndirectInputEvents[sdk=iphoneos*]" = YES;
				"INFOPLIST_KEY_UIApplicationSupportsIndirectInputEvents[sdk=iphonesimulator*]" = YES;
				"INFOPLIST_KEY_UILaunchScreen_Generation[sdk=iphoneos*]" = YES;
				"INFOPLIST_KEY_UILaunchScreen_Generation[sdk=iphonesimulator*]" = YES;
				"INFOPLIST_KEY_UIStatusBarStyle[sdk=iphoneos*]" = UIStatusBarStyleDefault;
				"INFOPLIST_KEY_UIStatusBarStyle[sdk=iphonesimulator*]" = UIStatusBarStyleDefault;
				INFOPLIST_KEY_UISupportedInterfaceOrientations_iPad = "UIInterfaceOrientationPortrait UIInterfaceOrientationPortraitUpsideDown UIInterfaceOrientationLandscapeLeft UIInterfaceOrientationLandscapeRight";
				INFOPLIST_KEY_UISupportedInterfaceOrientations_iPhone = "UIInterfaceOrientationPortrait UIInterfaceOrientationLandscapeLeft UIInterfaceOrientationLandscapeRight";
				INFOPLIST_KEY_UISupportsDocumentBrowser = YES;
				IPHONEOS_DEPLOYMENT_TARGET = 18.0;
				LD_RUNPATH_SEARCH_PATHS = "@executable_path/Frameworks";
				"LD_RUNPATH_SEARCH_PATHS[sdk=macosx*]" = "@executable_path/../Frameworks";
				MACOSX_DEPLOYMENT_TARGET = 15.0;
				MARKETING_VERSION = 1.0;
				PRODUCT_BUNDLE_IDENTIFIER = com.pmanot.Snoopy;
				PRODUCT_NAME = "$(TARGET_NAME)";
				REGISTER_APP_GROUPS = YES;
				SDKROOT = auto;
				SUPPORTED_PLATFORMS = macosx;
				SUPPORTS_MACCATALYST = NO;
				SWIFT_EMIT_LOC_STRINGS = YES;
				SWIFT_VERSION = 5.0;
				XROS_DEPLOYMENT_TARGET = 2.4;
			};
			name = Debug;
		};
		985104302DB205910076D128 /* Release */ = {
			isa = XCBuildConfiguration;
			buildSettings = {
				ASSETCATALOG_COMPILER_APPICON_NAME = AppIcon;
				ASSETCATALOG_COMPILER_GLOBAL_ACCENT_COLOR_NAME = AccentColor;
				CODE_SIGN_ENTITLEMENTS = Snoopy/Snoopy.entitlements;
				CODE_SIGN_STYLE = Automatic;
				CURRENT_PROJECT_VERSION = 1;
				DEVELOPMENT_TEAM = 4TRFJN4JM2;
				ENABLE_HARDENED_RUNTIME = YES;
				ENABLE_PREVIEWS = YES;
				GENERATE_INFOPLIST_FILE = YES;
				INFOPLIST_FILE = Snoopy/Info.plist;
				INFOPLIST_KEY_NSFileProviderDomainUsageDescription = "Required to access history.db";
				"INFOPLIST_KEY_UIApplicationSceneManifest_Generation[sdk=iphoneos*]" = YES;
				"INFOPLIST_KEY_UIApplicationSceneManifest_Generation[sdk=iphonesimulator*]" = YES;
				"INFOPLIST_KEY_UIApplicationSupportsIndirectInputEvents[sdk=iphoneos*]" = YES;
				"INFOPLIST_KEY_UIApplicationSupportsIndirectInputEvents[sdk=iphonesimulator*]" = YES;
				"INFOPLIST_KEY_UILaunchScreen_Generation[sdk=iphoneos*]" = YES;
				"INFOPLIST_KEY_UILaunchScreen_Generation[sdk=iphonesimulator*]" = YES;
				"INFOPLIST_KEY_UIStatusBarStyle[sdk=iphoneos*]" = UIStatusBarStyleDefault;
				"INFOPLIST_KEY_UIStatusBarStyle[sdk=iphonesimulator*]" = UIStatusBarStyleDefault;
				INFOPLIST_KEY_UISupportedInterfaceOrientations_iPad = "UIInterfaceOrientationPortrait UIInterfaceOrientationPortraitUpsideDown UIInterfaceOrientationLandscapeLeft UIInterfaceOrientationLandscapeRight";
				INFOPLIST_KEY_UISupportedInterfaceOrientations_iPhone = "UIInterfaceOrientationPortrait UIInterfaceOrientationLandscapeLeft UIInterfaceOrientationLandscapeRight";
				INFOPLIST_KEY_UISupportsDocumentBrowser = YES;
				IPHONEOS_DEPLOYMENT_TARGET = 18.0;
				LD_RUNPATH_SEARCH_PATHS = "@executable_path/Frameworks";
				"LD_RUNPATH_SEARCH_PATHS[sdk=macosx*]" = "@executable_path/../Frameworks";
				MACOSX_DEPLOYMENT_TARGET = 15.0;
				MARKETING_VERSION = 1.0;
				PRODUCT_BUNDLE_IDENTIFIER = com.pmanot.Snoopy;
				PRODUCT_NAME = "$(TARGET_NAME)";
				REGISTER_APP_GROUPS = YES;
				SDKROOT = auto;
				SUPPORTED_PLATFORMS = macosx;
				SUPPORTS_MACCATALYST = NO;
				SWIFT_EMIT_LOC_STRINGS = YES;
				SWIFT_VERSION = 5.0;
				XROS_DEPLOYMENT_TARGET = 2.4;
			};
			name = Release;
		};
/* End XCBuildConfiguration section */

/* Begin XCConfigurationList section */
		9851041D2DB205900076D128 /* Build configuration list for PBXProject "Snoopy" */ = {
			isa = XCConfigurationList;
			buildConfigurations = (
				9851042C2DB205910076D128 /* Debug */,
				9851042D2DB205910076D128 /* Release */,
			);
			defaultConfigurationIsVisible = 0;
			defaultConfigurationName = Release;
		};
		9851042E2DB205910076D128 /* Build configuration list for PBXNativeTarget "Snoopy" */ = {
			isa = XCConfigurationList;
			buildConfigurations = (
				9851042F2DB205910076D128 /* Debug */,
				985104302DB205910076D128 /* Release */,
			);
			defaultConfigurationIsVisible = 0;
			defaultConfigurationName = Release;
		};
/* End XCConfigurationList section */

/* Begin XCLocalSwiftPackageReference section */
		98C0AD382DB724A500345F2F /* XCLocalSwiftPackageReference "SnoopyApp" */ = {
			isa = XCLocalSwiftPackageReference;
			relativePath = SnoopyApp;
		};
/* End XCLocalSwiftPackageReference section */

/* Begin XCRemoteSwiftPackageReference section */
		9884FB402DBDC1EB0006EC96 /* XCRemoteSwiftPackageReference "Browser" */ = {
			isa = XCRemoteSwiftPackageReference;
			repositoryURL = "https://github.com/pmanot/Browser";
			requirement = {
				branch = main;
				kind = branch;
			};
		};
		98BA52082DB4693700AC0EC7 /* XCRemoteSwiftPackageReference "Swallow" */ = {
			isa = XCRemoteSwiftPackageReference;
			repositoryURL = "https://github.com/vmanot/Swallow.git";
			requirement = {
				branch = master;
				kind = branch;
			};
		};
		98C0AD352DB7249700345F2F /* XCRemoteSwiftPackageReference "SwiftUIX" */ = {
			isa = XCRemoteSwiftPackageReference;
			repositoryURL = "https://github.com/SwiftUIX/SwiftUIX";
			requirement = {
				kind = upToNextMajorVersion;
				minimumVersion = 0.2.3;
			};
		};
/* End XCRemoteSwiftPackageReference section */

/* Begin XCSwiftPackageProductDependency section */
		9884FB412DBDC1EB0006EC96 /* Browser */ = {
			isa = XCSwiftPackageProductDependency;
			package = 9884FB402DBDC1EB0006EC96 /* XCRemoteSwiftPackageReference "Browser" */;
			productName = Browser;
		};
		98BA52092DB4693700AC0EC7 /* MacroBuilder */ = {
			isa = XCSwiftPackageProductDependency;
			package = 98BA52082DB4693700AC0EC7 /* XCRemoteSwiftPackageReference "Swallow" */;
			productName = MacroBuilder;
		};
		98BA520B2DB4693700AC0EC7 /* Swallow */ = {
			isa = XCSwiftPackageProductDependency;
			package = 98BA52082DB4693700AC0EC7 /* XCRemoteSwiftPackageReference "Swallow" */;
			productName = Swallow;
		};
		98BA520D2DB4693700AC0EC7 /* SwallowMacrosClient */ = {
			isa = XCSwiftPackageProductDependency;
			package = 98BA52082DB4693700AC0EC7 /* XCRemoteSwiftPackageReference "Swallow" */;
			productName = SwallowMacrosClient;
		};
		98C0AD362DB7249700345F2F /* SwiftUIX */ = {
			isa = XCSwiftPackageProductDependency;
			package = 98C0AD352DB7249700345F2F /* XCRemoteSwiftPackageReference "SwiftUIX" */;
			productName = SwiftUIX;
		};
		98C0AD392DB724A500345F2F /* SnoopyApp */ = {
			isa = XCSwiftPackageProductDependency;
			productName = SnoopyApp;
		};
/* End XCSwiftPackageProductDependency section */
	};
	rootObject = 9851041A2DB205900076D128 /* Project object */;
}
